
Microsoft Visual Studio Solution File, Format Version 12.00
# Visual Studio 15
VisualStudioVersion = 15.0.26124.0
MinimumVisualStudioVersion = 15.0.26124.0
Project("{2150E333-8FDC-42A3-9474-1A3956D46DE8}") = "src", "src", "{A4145397-E4B5-48C5-B055-7520D3AEA80A}"
EndProject
Project("{FAE04EC0-301F-11D3-BF4B-00C04F79EFBC}") = "Benday.Demo7.Api", "src\Benday.Demo7.Api\Benday.Demo7.Api.csproj", "{BE83CD12-75D5-4BFA-9D07-315AF9333914}"
EndProject
Project("{FAE04EC0-301F-11D3-BF4B-00C04F79EFBC}") = "Benday.Demo7.WebApi", "src\Benday.Demo7.WebApi\Benday.Demo7.WebApi.csproj", "{F534D07A-0CE0-4465-877E-57EAD54FA48F}"
EndProject
Project("{FAE04EC0-301F-11D3-BF4B-00C04F79EFBC}") = "Benday.Demo7.WebUi", "src\Benday.Demo7.WebUi\Benday.Demo7.WebUi.csproj", "{8F44586B-5E55-40D3-813E-EA8AD347C9A9}"
EndProject
Project("{2150E333-8FDC-42A3-9474-1A3956D46DE8}") = "test", "test", "{96DEB5F0-3327-4B4B-B0BE-BFBD26D3F380}"
EndProject
Project("{FAE04EC0-301F-11D3-BF4B-00C04F79EFBC}") = "Benday.Demo7.UnitTests", "test\Benday.Demo7.UnitTests\Benday.Demo7.UnitTests.csproj", "{ED1E3469-AE84-4FF6-BC05-A4F802E08347}"
EndProject
Project("{FAE04EC0-301F-11D3-BF4B-00C04F79EFBC}") = "Benday.Demo7.IntegrationTests", "test\Benday.Demo7.IntegrationTests\Benday.Demo7.IntegrationTests.csproj", "{A9FC367D-7F49-4BCF-9D1C-79E623430DF3}"
EndProject
Project("{FAE04EC0-301F-11D3-BF4B-00C04F79EFBC}") = "Benday.Common", "src\Benday.Common\Benday.Common.csproj", "{2327DF17-615D-4144-A32F-AF8E607202C1}"
EndProject
Project("{FAE04EC0-301F-11D3-BF4B-00C04F79EFBC}") = "Benday.JsonUtilities", "src\Benday.JsonUtilities\Benday.JsonUtilities.csproj", "{F362C608-D43D-4DDE-BAF3-9B86402DF7F2}"
EndProject
Project("{FAE04EC0-301F-11D3-BF4B-00C04F79EFBC}") = "Benday.EfCore.SqlServer", "src\Benday.EfCore.SqlServer\Benday.EfCore.SqlServer.csproj", "{531D47BB-2BA4-4144-9E19-5FD7861D83A6}"
EndProject
Project("{FAE04EC0-301F-11D3-BF4B-00C04F79EFBC}") = "Benday.EfCore.SqlServer.IntegrationTests", "test\Benday.EfCore.SqlServer.IntegrationTests\Benday.EfCore.SqlServer.IntegrationTests.csproj", "{252C4898-25DC-4CA4-92D4-202E896E0E91}"
EndProject
Project("{FAE04EC0-301F-11D3-BF4B-00C04F79EFBC}") = "Benday.Common.UnitTests", "test\Benday.Common.UnitTests\Benday.Common.UnitTests.csproj", "{F60D1DA0-252D-4E50-98BD-C374B5D2C4CD}"
EndProject
Project("{FAE04EC0-301F-11D3-BF4B-00C04F79EFBC}") = "Benday.EfCore.SqlServer.TestApi", "test\Benday.EfCore.SqlServer.TestApi\Benday.EfCore.SqlServer.TestApi.csproj", "{5174F90C-CE3E-4BB7-AA9B-7DA1125F80A0}"
EndProject
Project("{FAE04EC0-301F-11D3-BF4B-00C04F79EFBC}") = "Benday.EfCore.SqlServer.UnitTests", "test\Benday.EfCore.SqlServer.UnitTests\Benday.EfCore.SqlServer.UnitTests.csproj", "{1017848A-3883-40BB-84F4-7369C6B0B1CE}"
EndProject
Global
	GlobalSection(SolutionConfigurationPlatforms) = preSolution
		Debug|Any CPU = Debug|Any CPU
		Debug|x64 = Debug|x64
		Debug|x86 = Debug|x86
		Release|Any CPU = Release|Any CPU
		Release|x64 = Release|x64
		Release|x86 = Release|x86
	EndGlobalSection
	GlobalSection(SolutionProperties) = preSolution
		HideSolutionNode = FALSE
	EndGlobalSection
	GlobalSection(ProjectConfigurationPlatforms) = postSolution
		{BE83CD12-75D5-4BFA-9D07-315AF9333914}.Debug|Any CPU.ActiveCfg = Debug|Any CPU
		{BE83CD12-75D5-4BFA-9D07-315AF9333914}.Debug|Any CPU.Build.0 = Debug|Any CPU
		{BE83CD12-75D5-4BFA-9D07-315AF9333914}.Debug|x64.ActiveCfg = Debug|Any CPU
		{BE83CD12-75D5-4BFA-9D07-315AF9333914}.Debug|x64.Build.0 = Debug|Any CPU
		{BE83CD12-75D5-4BFA-9D07-315AF9333914}.Debug|x86.ActiveCfg = Debug|Any CPU
		{BE83CD12-75D5-4BFA-9D07-315AF9333914}.Debug|x86.Build.0 = Debug|Any CPU
		{BE83CD12-75D5-4BFA-9D07-315AF9333914}.Release|Any CPU.ActiveCfg = Release|Any CPU
		{BE83CD12-75D5-4BFA-9D07-315AF9333914}.Release|Any CPU.Build.0 = Release|Any CPU
		{BE83CD12-75D5-4BFA-9D07-315AF9333914}.Release|x64.ActiveCfg = Release|Any CPU
		{BE83CD12-75D5-4BFA-9D07-315AF9333914}.Release|x64.Build.0 = Release|Any CPU
		{BE83CD12-75D5-4BFA-9D07-315AF9333914}.Release|x86.ActiveCfg = Release|Any CPU
		{BE83CD12-75D5-4BFA-9D07-315AF9333914}.Release|x86.Build.0 = Release|Any CPU
		{F534D07A-0CE0-4465-877E-57EAD54FA48F}.Debug|Any CPU.ActiveCfg = Debug|Any CPU
		{F534D07A-0CE0-4465-877E-57EAD54FA48F}.Debug|Any CPU.Build.0 = Debug|Any CPU
		{F534D07A-0CE0-4465-877E-57EAD54FA48F}.Debug|x64.ActiveCfg = Debug|Any CPU
		{F534D07A-0CE0-4465-877E-57EAD54FA48F}.Debug|x64.Build.0 = Debug|Any CPU
		{F534D07A-0CE0-4465-877E-57EAD54FA48F}.Debug|x86.ActiveCfg = Debug|Any CPU
		{F534D07A-0CE0-4465-877E-57EAD54FA48F}.Debug|x86.Build.0 = Debug|Any CPU
		{F534D07A-0CE0-4465-877E-57EAD54FA48F}.Release|Any CPU.ActiveCfg = Release|Any CPU
		{F534D07A-0CE0-4465-877E-57EAD54FA48F}.Release|Any CPU.Build.0 = Release|Any CPU
		{F534D07A-0CE0-4465-877E-57EAD54FA48F}.Release|x64.ActiveCfg = Release|Any CPU
		{F534D07A-0CE0-4465-877E-57EAD54FA48F}.Release|x64.Build.0 = Release|Any CPU
		{F534D07A-0CE0-4465-877E-57EAD54FA48F}.Release|x86.ActiveCfg = Release|Any CPU
		{F534D07A-0CE0-4465-877E-57EAD54FA48F}.Release|x86.Build.0 = Release|Any CPU
		{8F44586B-5E55-40D3-813E-EA8AD347C9A9}.Debug|Any CPU.ActiveCfg = Debug|Any CPU
		{8F44586B-5E55-40D3-813E-EA8AD347C9A9}.Debug|Any CPU.Build.0 = Debug|Any CPU
		{8F44586B-5E55-40D3-813E-EA8AD347C9A9}.Debug|x64.ActiveCfg = Debug|Any CPU
		{8F44586B-5E55-40D3-813E-EA8AD347C9A9}.Debug|x64.Build.0 = Debug|Any CPU
		{8F44586B-5E55-40D3-813E-EA8AD347C9A9}.Debug|x86.ActiveCfg = Debug|Any CPU
		{8F44586B-5E55-40D3-813E-EA8AD347C9A9}.Debug|x86.Build.0 = Debug|Any CPU
		{8F44586B-5E55-40D3-813E-EA8AD347C9A9}.Release|Any CPU.ActiveCfg = Release|Any CPU
		{8F44586B-5E55-40D3-813E-EA8AD347C9A9}.Release|Any CPU.Build.0 = Release|Any CPU
		{8F44586B-5E55-40D3-813E-EA8AD347C9A9}.Release|x64.ActiveCfg = Release|Any CPU
		{8F44586B-5E55-40D3-813E-EA8AD347C9A9}.Release|x64.Build.0 = Release|Any CPU
		{8F44586B-5E55-40D3-813E-EA8AD347C9A9}.Release|x86.ActiveCfg = Release|Any CPU
		{8F44586B-5E55-40D3-813E-EA8AD347C9A9}.Release|x86.Build.0 = Release|Any CPU
		{ED1E3469-AE84-4FF6-BC05-A4F802E08347}.Debug|Any CPU.ActiveCfg = Debug|Any CPU
		{ED1E3469-AE84-4FF6-BC05-A4F802E08347}.Debug|Any CPU.Build.0 = Debug|Any CPU
		{ED1E3469-AE84-4FF6-BC05-A4F802E08347}.Debug|x64.ActiveCfg = Debug|Any CPU
		{ED1E3469-AE84-4FF6-BC05-A4F802E08347}.Debug|x64.Build.0 = Debug|Any CPU
		{ED1E3469-AE84-4FF6-BC05-A4F802E08347}.Debug|x86.ActiveCfg = Debug|Any CPU
		{ED1E3469-AE84-4FF6-BC05-A4F802E08347}.Debug|x86.Build.0 = Debug|Any CPU
		{ED1E3469-AE84-4FF6-BC05-A4F802E08347}.Release|Any CPU.ActiveCfg = Release|Any CPU
		{ED1E3469-AE84-4FF6-BC05-A4F802E08347}.Release|Any CPU.Build.0 = Release|Any CPU
		{ED1E3469-AE84-4FF6-BC05-A4F802E08347}.Release|x64.ActiveCfg = Release|Any CPU
		{ED1E3469-AE84-4FF6-BC05-A4F802E08347}.Release|x64.Build.0 = Release|Any CPU
		{ED1E3469-AE84-4FF6-BC05-A4F802E08347}.Release|x86.ActiveCfg = Release|Any CPU
		{ED1E3469-AE84-4FF6-BC05-A4F802E08347}.Release|x86.Build.0 = Release|Any CPU
		{A9FC367D-7F49-4BCF-9D1C-79E623430DF3}.Debug|Any CPU.ActiveCfg = Debug|Any CPU
		{A9FC367D-7F49-4BCF-9D1C-79E623430DF3}.Debug|Any CPU.Build.0 = Debug|Any CPU
		{A9FC367D-7F49-4BCF-9D1C-79E623430DF3}.Debug|x64.ActiveCfg = Debug|Any CPU
		{A9FC367D-7F49-4BCF-9D1C-79E623430DF3}.Debug|x64.Build.0 = Debug|Any CPU
		{A9FC367D-7F49-4BCF-9D1C-79E623430DF3}.Debug|x86.ActiveCfg = Debug|Any CPU
		{A9FC367D-7F49-4BCF-9D1C-79E623430DF3}.Debug|x86.Build.0 = Debug|Any CPU
		{A9FC367D-7F49-4BCF-9D1C-79E623430DF3}.Release|Any CPU.ActiveCfg = Release|Any CPU
		{A9FC367D-7F49-4BCF-9D1C-79E623430DF3}.Release|Any CPU.Build.0 = Release|Any CPU
		{A9FC367D-7F49-4BCF-9D1C-79E623430DF3}.Release|x64.ActiveCfg = Release|Any CPU
		{A9FC367D-7F49-4BCF-9D1C-79E623430DF3}.Release|x64.Build.0 = Release|Any CPU
		{A9FC367D-7F49-4BCF-9D1C-79E623430DF3}.Release|x86.ActiveCfg = Release|Any CPU
		{A9FC367D-7F49-4BCF-9D1C-79E623430DF3}.Release|x86.Build.0 = Release|Any CPU
		{2327DF17-615D-4144-A32F-AF8E607202C1}.Debug|Any CPU.ActiveCfg = Debug|Any CPU
		{2327DF17-615D-4144-A32F-AF8E607202C1}.Debug|Any CPU.Build.0 = Debug|Any CPU
		{2327DF17-615D-4144-A32F-AF8E607202C1}.Debug|x64.ActiveCfg = Debug|Any CPU
		{2327DF17-615D-4144-A32F-AF8E607202C1}.Debug|x64.Build.0 = Debug|Any CPU
		{2327DF17-615D-4144-A32F-AF8E607202C1}.Debug|x86.ActiveCfg = Debug|Any CPU
		{2327DF17-615D-4144-A32F-AF8E607202C1}.Debug|x86.Build.0 = Debug|Any CPU
		{2327DF17-615D-4144-A32F-AF8E607202C1}.Release|Any CPU.ActiveCfg = Release|Any CPU
		{2327DF17-615D-4144-A32F-AF8E607202C1}.Release|Any CPU.Build.0 = Release|Any CPU
		{2327DF17-615D-4144-A32F-AF8E607202C1}.Release|x64.ActiveCfg = Release|Any CPU
		{2327DF17-615D-4144-A32F-AF8E607202C1}.Release|x64.Build.0 = Release|Any CPU
		{2327DF17-615D-4144-A32F-AF8E607202C1}.Release|x86.ActiveCfg = Release|Any CPU
		{2327DF17-615D-4144-A32F-AF8E607202C1}.Release|x86.Build.0 = Release|Any CPU
		{F362C608-D43D-4DDE-BAF3-9B86402DF7F2}.Debug|Any CPU.ActiveCfg = Debug|Any CPU
		{F362C608-D43D-4DDE-BAF3-9B86402DF7F2}.Debug|Any CPU.Build.0 = Debug|Any CPU
		{F362C608-D43D-4DDE-BAF3-9B86402DF7F2}.Debug|x64.ActiveCfg = Debug|Any CPU
		{F362C608-D43D-4DDE-BAF3-9B86402DF7F2}.Debug|x64.Build.0 = Debug|Any CPU
		{F362C608-D43D-4DDE-BAF3-9B86402DF7F2}.Debug|x86.ActiveCfg = Debug|Any CPU
		{F362C608-D43D-4DDE-BAF3-9B86402DF7F2}.Debug|x86.Build.0 = Debug|Any CPU
		{F362C608-D43D-4DDE-BAF3-9B86402DF7F2}.Release|Any CPU.ActiveCfg = Release|Any CPU
		{F362C608-D43D-4DDE-BAF3-9B86402DF7F2}.Release|Any CPU.Build.0 = Release|Any CPU
		{F362C608-D43D-4DDE-BAF3-9B86402DF7F2}.Release|x64.ActiveCfg = Release|Any CPU
		{F362C608-D43D-4DDE-BAF3-9B86402DF7F2}.Release|x64.Build.0 = Release|Any CPU
		{F362C608-D43D-4DDE-BAF3-9B86402DF7F2}.Release|x86.ActiveCfg = Release|Any CPU
		{F362C608-D43D-4DDE-BAF3-9B86402DF7F2}.Release|x86.Build.0 = Release|Any CPU
		{531D47BB-2BA4-4144-9E19-5FD7861D83A6}.Debug|Any CPU.ActiveCfg = Debug|Any CPU
		{531D47BB-2BA4-4144-9E19-5FD7861D83A6}.Debug|Any CPU.Build.0 = Debug|Any CPU
		{531D47BB-2BA4-4144-9E19-5FD7861D83A6}.Debug|x64.ActiveCfg = Debug|Any CPU
		{531D47BB-2BA4-4144-9E19-5FD7861D83A6}.Debug|x64.Build.0 = Debug|Any CPU
		{531D47BB-2BA4-4144-9E19-5FD7861D83A6}.Debug|x86.ActiveCfg = Debug|Any CPU
		{531D47BB-2BA4-4144-9E19-5FD7861D83A6}.Debug|x86.Build.0 = Debug|Any CPU
		{531D47BB-2BA4-4144-9E19-5FD7861D83A6}.Release|Any CPU.ActiveCfg = Release|Any CPU
		{531D47BB-2BA4-4144-9E19-5FD7861D83A6}.Release|Any CPU.Build.0 = Release|Any CPU
		{531D47BB-2BA4-4144-9E19-5FD7861D83A6}.Release|x64.ActiveCfg = Release|Any CPU
		{531D47BB-2BA4-4144-9E19-5FD7861D83A6}.Release|x64.Build.0 = Release|Any CPU
		{531D47BB-2BA4-4144-9E19-5FD7861D83A6}.Release|x86.ActiveCfg = Release|Any CPU
		{531D47BB-2BA4-4144-9E19-5FD7861D83A6}.Release|x86.Build.0 = Release|Any CPU
		{252C4898-25DC-4CA4-92D4-202E896E0E91}.Debug|Any CPU.ActiveCfg = Debug|Any CPU
		{252C4898-25DC-4CA4-92D4-202E896E0E91}.Debug|Any CPU.Build.0 = Debug|Any CPU
		{252C4898-25DC-4CA4-92D4-202E896E0E91}.Debug|x64.ActiveCfg = Debug|Any CPU
		{252C4898-25DC-4CA4-92D4-202E896E0E91}.Debug|x64.Build.0 = Debug|Any CPU
		{252C4898-25DC-4CA4-92D4-202E896E0E91}.Debug|x86.ActiveCfg = Debug|Any CPU
		{252C4898-25DC-4CA4-92D4-202E896E0E91}.Debug|x86.Build.0 = Debug|Any CPU
		{252C4898-25DC-4CA4-92D4-202E896E0E91}.Release|Any CPU.ActiveCfg = Release|Any CPU
		{252C4898-25DC-4CA4-92D4-202E896E0E91}.Release|Any CPU.Build.0 = Release|Any CPU
		{252C4898-25DC-4CA4-92D4-202E896E0E91}.Release|x64.ActiveCfg = Release|Any CPU
		{252C4898-25DC-4CA4-92D4-202E896E0E91}.Release|x64.Build.0 = Release|Any CPU
		{252C4898-25DC-4CA4-92D4-202E896E0E91}.Release|x86.ActiveCfg = Release|Any CPU
		{252C4898-25DC-4CA4-92D4-202E896E0E91}.Release|x86.Build.0 = Release|Any CPU
		{F60D1DA0-252D-4E50-98BD-C374B5D2C4CD}.Debug|Any CPU.ActiveCfg = Debug|Any CPU
		{F60D1DA0-252D-4E50-98BD-C374B5D2C4CD}.Debug|Any CPU.Build.0 = Debug|Any CPU
		{F60D1DA0-252D-4E50-98BD-C374B5D2C4CD}.Debug|x64.ActiveCfg = Debug|Any CPU
		{F60D1DA0-252D-4E50-98BD-C374B5D2C4CD}.Debug|x64.Build.0 = Debug|Any CPU
		{F60D1DA0-252D-4E50-98BD-C374B5D2C4CD}.Debug|x86.ActiveCfg = Debug|Any CPU
		{F60D1DA0-252D-4E50-98BD-C374B5D2C4CD}.Debug|x86.Build.0 = Debug|Any CPU
		{F60D1DA0-252D-4E50-98BD-C374B5D2C4CD}.Release|Any CPU.ActiveCfg = Release|Any CPU
		{F60D1DA0-252D-4E50-98BD-C374B5D2C4CD}.Release|Any CPU.Build.0 = Release|Any CPU
		{F60D1DA0-252D-4E50-98BD-C374B5D2C4CD}.Release|x64.ActiveCfg = Release|Any CPU
		{F60D1DA0-252D-4E50-98BD-C374B5D2C4CD}.Release|x64.Build.0 = Release|Any CPU
		{F60D1DA0-252D-4E50-98BD-C374B5D2C4CD}.Release|x86.ActiveCfg = Release|Any CPU
		{F60D1DA0-252D-4E50-98BD-C374B5D2C4CD}.Release|x86.Build.0 = Release|Any CPU
		{5174F90C-CE3E-4BB7-AA9B-7DA1125F80A0}.Debug|Any CPU.ActiveCfg = Debug|Any CPU
		{5174F90C-CE3E-4BB7-AA9B-7DA1125F80A0}.Debug|Any CPU.Build.0 = Debug|Any CPU
		{5174F90C-CE3E-4BB7-AA9B-7DA1125F80A0}.Debug|x64.ActiveCfg = Debug|Any CPU
		{5174F90C-CE3E-4BB7-AA9B-7DA1125F80A0}.Debug|x64.Build.0 = Debug|Any CPU
		{5174F90C-CE3E-4BB7-AA9B-7DA1125F80A0}.Debug|x86.ActiveCfg = Debug|Any CPU
		{5174F90C-CE3E-4BB7-AA9B-7DA1125F80A0}.Debug|x86.Build.0 = Debug|Any CPU
		{5174F90C-CE3E-4BB7-AA9B-7DA1125F80A0}.Release|Any CPU.ActiveCfg = Release|Any CPU
		{5174F90C-CE3E-4BB7-AA9B-7DA1125F80A0}.Release|Any CPU.Build.0 = Release|Any CPU
		{5174F90C-CE3E-4BB7-AA9B-7DA1125F80A0}.Release|x64.ActiveCfg = Release|Any CPU
		{5174F90C-CE3E-4BB7-AA9B-7DA1125F80A0}.Release|x64.Build.0 = Release|Any CPU
		{5174F90C-CE3E-4BB7-AA9B-7DA1125F80A0}.Release|x86.ActiveCfg = Release|Any CPU
		{5174F90C-CE3E-4BB7-AA9B-7DA1125F80A0}.Release|x86.Build.0 = Release|Any CPU
		{1017848A-3883-40BB-84F4-7369C6B0B1CE}.Debug|Any CPU.ActiveCfg = Debug|Any CPU
		{1017848A-3883-40BB-84F4-7369C6B0B1CE}.Debug|Any CPU.Build.0 = Debug|Any CPU
		{1017848A-3883-40BB-84F4-7369C6B0B1CE}.Debug|x64.ActiveCfg = Debug|Any CPU
		{1017848A-3883-40BB-84F4-7369C6B0B1CE}.Debug|x64.Build.0 = Debug|Any CPU
		{1017848A-3883-40BB-84F4-7369C6B0B1CE}.Debug|x86.ActiveCfg = Debug|Any CPU
		{1017848A-3883-40BB-84F4-7369C6B0B1CE}.Debug|x86.Build.0 = Debug|Any CPU
		{1017848A-3883-40BB-84F4-7369C6B0B1CE}.Release|Any CPU.ActiveCfg = Release|Any CPU
		{1017848A-3883-40BB-84F4-7369C6B0B1CE}.Release|Any CPU.Build.0 = Release|Any CPU
		{1017848A-3883-40BB-84F4-7369C6B0B1CE}.Release|x64.ActiveCfg = Release|Any CPU
		{1017848A-3883-40BB-84F4-7369C6B0B1CE}.Release|x64.Build.0 = Release|Any CPU
		{1017848A-3883-40BB-84F4-7369C6B0B1CE}.Release|x86.ActiveCfg = Release|Any CPU
		{1017848A-3883-40BB-84F4-7369C6B0B1CE}.Release|x86.Build.0 = Release|Any CPU
	EndGlobalSection
	GlobalSection(NestedProjects) = preSolution
		{BE83CD12-75D5-4BFA-9D07-315AF9333914} = {A4145397-E4B5-48C5-B055-7520D3AEA80A}
		{F534D07A-0CE0-4465-877E-57EAD54FA48F} = {A4145397-E4B5-48C5-B055-7520D3AEA80A}
		{8F44586B-5E55-40D3-813E-EA8AD347C9A9} = {A4145397-E4B5-48C5-B055-7520D3AEA80A}
		{ED1E3469-AE84-4FF6-BC05-A4F802E08347} = {96DEB5F0-3327-4B4B-B0BE-BFBD26D3F380}
		{A9FC367D-7F49-4BCF-9D1C-79E623430DF3} = {96DEB5F0-3327-4B4B-B0BE-BFBD26D3F380}
		{2327DF17-615D-4144-A32F-AF8E607202C1} = {A4145397-E4B5-48C5-B055-7520D3AEA80A}
		{F362C608-D43D-4DDE-BAF3-9B86402DF7F2} = {A4145397-E4B5-48C5-B055-7520D3AEA80A}
		{531D47BB-2BA4-4144-9E19-5FD7861D83A6} = {A4145397-E4B5-48C5-B055-7520D3AEA80A}
		{252C4898-25DC-4CA4-92D4-202E896E0E91} = {96DEB5F0-3327-4B4B-B0BE-BFBD26D3F380}
		{F60D1DA0-252D-4E50-98BD-C374B5D2C4CD} = {96DEB5F0-3327-4B4B-B0BE-BFBD26D3F380}
		{5174F90C-CE3E-4BB7-AA9B-7DA1125F80A0} = {96DEB5F0-3327-4B4B-B0BE-BFBD26D3F380}
		{1017848A-3883-40BB-84F4-7369C6B0B1CE} = {96DEB5F0-3327-4B4B-B0BE-BFBD26D3F380}
	EndGlobalSection
EndGlobal
